
Microsoft Visual Studio Solution File, Format Version 12.00
# Visual Studio 15
VisualStudioVersion = 15.0.28307.271
MinimumVisualStudioVersion = 10.0.40219.1
Project("{FAE04EC0-301F-11D3-BF4B-00C04F79EFBC}") = "OpcWebServer", "OpcWebServer\OpcWebServer.csproj", "{457410E1-579C-4D8B-8E8C-64466831F900}"
EndProject
Global
	GlobalSection(SolutionConfigurationPlatforms) = preSolution
		Debug|Any CPU = Debug|Any CPU
		Release|Any CPU = Release|Any CPU
	EndGlobalSection
	GlobalSection(ProjectConfigurationPlatforms) = postSolution
		{457410E1-579C-4D8B-8E8C-64466831F900}.Debug|Any CPU.ActiveCfg = Debug|Any CPU
		{457410E1-579C-4D8B-8E8C-64466831F900}.Debug|Any CPU.Build.0 = Debug|Any CPU
		{457410E1-579C-4D8B-8E8C-64466831F900}.Release|Any CPU.ActiveCfg = Release|Any CPU
		{457410E1-579C-4D8B-8E8C-64466831F900}.Release|Any CPU.Build.0 = Release|Any CPU
	EndGlobalSection
	GlobalSection(SolutionProperties) = preSolution
		HideSolutionNode = FALSE
	EndGlobalSection
	GlobalSection(ExtensibilityGlobals) = postSolution
		SolutionGuid = {539C835B-B5E6-4524-9469-69CE8099BB2A}
	EndGlobalSection
EndGlobal
